
Microsoft Visual Studio Solution File, Format Version 12.00
# Visual Studio Version 17
VisualStudioVersion = 17.0.31903.59
MinimumVisualStudioVersion = 10.0.40219.1
Project("{2150E333-8FDC-42A3-9474-1A3956D46DE8}") = "src", "src", "{827E0CD3-B72D-47B6-A68D-7590B98EB39B}"
EndProject
Project("{FAE04EC0-301F-11D3-BF4B-00C04F79EFBC}") = "SchoolPortal.Domain", "src\SchoolPortal.Domain\SchoolPortal.Domain.csproj", "{F24DAA3C-202C-4FB2-B8F4-40439DB057EF}"
EndProject
Project("{FAE04EC0-301F-11D3-BF4B-00C04F79EFBC}") = "SchoolPortal.Application", "src\SchoolPortal.Application\SchoolPortal.Application.csproj", "{070C6F64-44D3-40F8-88DE-1FCFC14C1C8E}"
EndProject
Project("{FAE04EC0-301F-11D3-BF4B-00C04F79EFBC}") = "SchoolPortal.Infrastructure", "src\SchoolPortal.Infrastructure\SchoolPortal.Infrastructure.csproj", "{165AC987-1117-4142-B976-988B49928C56}"
EndProject
Project("{FAE04EC0-301F-11D3-BF4B-00C04F79EFBC}") = "SchoolPortal.Web", "src\SchoolPortal.Web\SchoolPortal.Web.csproj", "{BBAEA460-2034-48BE-8E31-9FCFEBA4F171}"
EndProject
Project("{2150E333-8FDC-42A3-9474-1A3956D46DE8}") = "tests", "tests", "{0AB3BF05-4346-4AA6-1389-037BE0695223}"
EndProject
Project("{FAE04EC0-301F-11D3-BF4B-00C04F79EFBC}") = "SchoolPortal.Tests", "tests\SchoolPortal.Tests\SchoolPortal.Tests.csproj", "{AE0E4040-EBA7-49D5-953A-972EE34C01A2}"
EndProject
Global
	GlobalSection(SolutionConfigurationPlatforms) = preSolution
		Debug|Any CPU = Debug|Any CPU
		Debug|x64 = Debug|x64
		Debug|x86 = Debug|x86
		Release|Any CPU = Release|Any CPU
		Release|x64 = Release|x64
		Release|x86 = Release|x86
	EndGlobalSection
	GlobalSection(ProjectConfigurationPlatforms) = postSolution
		{F24DAA3C-202C-4FB2-B8F4-40439DB057EF}.Debug|Any CPU.ActiveCfg = Debug|Any CPU
		{F24DAA3C-202C-4FB2-B8F4-40439DB057EF}.Debug|Any CPU.Build.0 = Debug|Any CPU
		{F24DAA3C-202C-4FB2-B8F4-40439DB057EF}.Debug|x64.ActiveCfg = Debug|Any CPU
		{F24DAA3C-202C-4FB2-B8F4-40439DB057EF}.Debug|x64.Build.0 = Debug|Any CPU
		{F24DAA3C-202C-4FB2-B8F4-40439DB057EF}.Debug|x86.ActiveCfg = Debug|Any CPU
		{F24DAA3C-202C-4FB2-B8F4-40439DB057EF}.Debug|x86.Build.0 = Debug|Any CPU
		{F24DAA3C-202C-4FB2-B8F4-40439DB057EF}.Release|Any CPU.ActiveCfg = Release|Any CPU
		{F24DAA3C-202C-4FB2-B8F4-40439DB057EF}.Release|Any CPU.Build.0 = Release|Any CPU
		{F24DAA3C-202C-4FB2-B8F4-40439DB057EF}.Release|x64.ActiveCfg = Release|Any CPU
		{F24DAA3C-202C-4FB2-B8F4-40439DB057EF}.Release|x64.Build.0 = Release|Any CPU
		{F24DAA3C-202C-4FB2-B8F4-40439DB057EF}.Release|x86.ActiveCfg = Release|Any CPU
		{F24DAA3C-202C-4FB2-B8F4-40439DB057EF}.Release|x86.Build.0 = Release|Any CPU
		{070C6F64-44D3-40F8-88DE-1FCFC14C1C8E}.Debug|Any CPU.ActiveCfg = Debug|Any CPU
		{070C6F64-44D3-40F8-88DE-1FCFC14C1C8E}.Debug|Any CPU.Build.0 = Debug|Any CPU
		{070C6F64-44D3-40F8-88DE-1FCFC14C1C8E}.Debug|x64.ActiveCfg = Debug|Any CPU
		{070C6F64-44D3-40F8-88DE-1FCFC14C1C8E}.Debug|x64.Build.0 = Debug|Any CPU
		{070C6F64-44D3-40F8-88DE-1FCFC14C1C8E}.Debug|x86.ActiveCfg = Debug|Any CPU
		{070C6F64-44D3-40F8-88DE-1FCFC14C1C8E}.Debug|x86.Build.0 = Debug|Any CPU
		{070C6F64-44D3-40F8-88DE-1FCFC14C1C8E}.Release|Any CPU.ActiveCfg = Release|Any CPU
		{070C6F64-44D3-40F8-88DE-1FCFC14C1C8E}.Release|Any CPU.Build.0 = Release|Any CPU
		{070C6F64-44D3-40F8-88DE-1FCFC14C1C8E}.Release|x64.ActiveCfg = Release|Any CPU
		{070C6F64-44D3-40F8-88DE-1FCFC14C1C8E}.Release|x64.Build.0 = Release|Any CPU
		{070C6F64-44D3-40F8-88DE-1FCFC14C1C8E}.Release|x86.ActiveCfg = Release|Any CPU
		{070C6F64-44D3-40F8-88DE-1FCFC14C1C8E}.Release|x86.Build.0 = Release|Any CPU
		{165AC987-1117-4142-B976-988B49928C56}.Debug|Any CPU.ActiveCfg = Debug|Any CPU
		{165AC987-1117-4142-B976-988B49928C56}.Debug|Any CPU.Build.0 = Debug|Any CPU
		{165AC987-1117-4142-B976-988B49928C56}.Debug|x64.ActiveCfg = Debug|Any CPU
		{165AC987-1117-4142-B976-988B49928C56}.Debug|x64.Build.0 = Debug|Any CPU
		{165AC987-1117-4142-B976-988B49928C56}.Debug|x86.ActiveCfg = Debug|Any CPU
		{165AC987-1117-4142-B976-988B49928C56}.Debug|x86.Build.0 = Debug|Any CPU
		{165AC987-1117-4142-B976-988B49928C56}.Release|Any CPU.ActiveCfg = Release|Any CPU
		{165AC987-1117-4142-B976-988B49928C56}.Release|Any CPU.Build.0 = Release|Any CPU
		{165AC987-1117-4142-B976-988B49928C56}.Release|x64.ActiveCfg = Release|Any CPU
		{165AC987-1117-4142-B976-988B49928C56}.Release|x64.Build.0 = Release|Any CPU
		{165AC987-1117-4142-B976-988B49928C56}.Release|x86.ActiveCfg = Release|Any CPU
		{165AC987-1117-4142-B976-988B49928C56}.Release|x86.Build.0 = Release|Any CPU
		{BBAEA460-2034-48BE-8E31-9FCFEBA4F171}.Debug|Any CPU.ActiveCfg = Debug|Any CPU
		{BBAEA460-2034-48BE-8E31-9FCFEBA4F171}.Debug|Any CPU.Build.0 = Debug|Any CPU
		{BBAEA460-2034-48BE-8E31-9FCFEBA4F171}.Debug|x64.ActiveCfg = Debug|Any CPU
		{BBAEA460-2034-48BE-8E31-9FCFEBA4F171}.Debug|x64.Build.0 = Debug|Any CPU
		{BBAEA460-2034-48BE-8E31-9FCFEBA4F171}.Debug|x86.ActiveCfg = Debug|Any CPU
		{BBAEA460-2034-48BE-8E31-9FCFEBA4F171}.Debug|x86.Build.0 = Debug|Any CPU
		{BBAEA460-2034-48BE-8E31-9FCFEBA4F171}.Release|Any CPU.ActiveCfg = Release|Any CPU
		{BBAEA460-2034-48BE-8E31-9FCFEBA4F171}.Release|Any CPU.Build.0 = Release|Any CPU
		{BBAEA460-2034-48BE-8E31-9FCFEBA4F171}.Release|x64.ActiveCfg = Release|Any CPU
		{BBAEA460-2034-48BE-8E31-9FCFEBA4F171}.Release|x64.Build.0 = Release|Any CPU
		{BBAEA460-2034-48BE-8E31-9FCFEBA4F171}.Release|x86.ActiveCfg = Release|Any CPU
		{BBAEA460-2034-48BE-8E31-9FCFEBA4F171}.Release|x86.Build.0 = Release|Any CPU
		{AE0E4040-EBA7-49D5-953A-972EE34C01A2}.Debug|Any CPU.ActiveCfg = Debug|Any CPU
		{AE0E4040-EBA7-49D5-953A-972EE34C01A2}.Debug|Any CPU.Build.0 = Debug|Any CPU
		{AE0E4040-EBA7-49D5-953A-972EE34C01A2}.Debug|x64.ActiveCfg = Debug|Any CPU
		{AE0E4040-EBA7-49D5-953A-972EE34C01A2}.Debug|x64.Build.0 = Debug|Any CPU
		{AE0E4040-EBA7-49D5-953A-972EE34C01A2}.Debug|x86.ActiveCfg = Debug|Any CPU
		{AE0E4040-EBA7-49D5-953A-972EE34C01A2}.Debug|x86.Build.0 = Debug|Any CPU
		{AE0E4040-EBA7-49D5-953A-972EE34C01A2}.Release|Any CPU.ActiveCfg = Release|Any CPU
		{AE0E4040-EBA7-49D5-953A-972EE34C01A2}.Release|Any CPU.Build.0 = Release|Any CPU
		{AE0E4040-EBA7-49D5-953A-972EE34C01A2}.Release|x64.ActiveCfg = Release|Any CPU
		{AE0E4040-EBA7-49D5-953A-972EE34C01A2}.Release|x64.Build.0 = Release|Any CPU
		{AE0E4040-EBA7-49D5-953A-972EE34C01A2}.Release|x86.ActiveCfg = Release|Any CPU
		{AE0E4040-EBA7-49D5-953A-972EE34C01A2}.Release|x86.Build.0 = Release|Any CPU
	EndGlobalSection
	GlobalSection(SolutionProperties) = preSolution
		HideSolutionNode = FALSE
	EndGlobalSection
	GlobalSection(NestedProjects) = preSolution
		{F24DAA3C-202C-4FB2-B8F4-40439DB057EF} = {827E0CD3-B72D-47B6-A68D-7590B98EB39B}
		{070C6F64-44D3-40F8-88DE-1FCFC14C1C8E} = {827E0CD3-B72D-47B6-A68D-7590B98EB39B}
		{165AC987-1117-4142-B976-988B49928C56} = {827E0CD3-B72D-47B6-A68D-7590B98EB39B}
		{BBAEA460-2034-48BE-8E31-9FCFEBA4F171} = {827E0CD3-B72D-47B6-A68D-7590B98EB39B}
		{AE0E4040-EBA7-49D5-953A-972EE34C01A2} = {0AB3BF05-4346-4AA6-1389-037BE0695223}
	EndGlobalSection
EndGlobal
